
Microsoft Visual Studio Solution File, Format Version 12.00
# Visual Studio Version 17
VisualStudioVersion = 17.8.34309.116
MinimumVisualStudioVersion = 10.0.40219.1
Project("{FAE04EC0-301F-11D3-BF4B-00C04F79EFBC}") = "NashtechPreparation", "NashtechPreparation\NashtechPreparation.csproj", "{A7B800A4-984F-417E-955B-485F9BBC9285}"
EndProject
Global
	GlobalSection(SolutionConfigurationPlatforms) = preSolution
		Debug|Any CPU = Debug|Any CPU
		Release|Any CPU = Release|Any CPU
	EndGlobalSection
	GlobalSection(ProjectConfigurationPlatforms) = postSolution
		{A7B800A4-984F-417E-955B-485F9BBC9285}.Debug|Any CPU.ActiveCfg = Debug|Any CPU
		{A7B800A4-984F-417E-955B-485F9BBC9285}.Debug|Any CPU.Build.0 = Debug|Any CPU
		{A7B800A4-984F-417E-955B-485F9BBC9285}.Release|Any CPU.ActiveCfg = Release|Any CPU
		{A7B800A4-984F-417E-955B-485F9BBC9285}.Release|Any CPU.Build.0 = Release|Any CPU
	EndGlobalSection
	GlobalSection(SolutionProperties) = preSolution
		HideSolutionNode = FALSE
	EndGlobalSection
	GlobalSection(ExtensibilityGlobals) = postSolution
		SolutionGuid = {79173AD2-5D21-49E5-B225-B88FE94B2180}
	EndGlobalSection
EndGlobal
